
Microsoft Visual Studio Solution File, Format Version 12.00
# Visual Studio Version 17
VisualStudioVersion = 17.8.34330.188
MinimumVisualStudioVersion = 10.0.40219.1
Project("{FAE04EC0-301F-11D3-BF4B-00C04F79EFBC}") = "ThrustManager", "ThrustManager.csproj", "{5CBE3AA3-48E4-4089-B5FA-92B4FC4E18EC}"
EndProject
Global
	GlobalSection(SolutionConfigurationPlatforms) = preSolution
		Debug|Any CPU = Debug|Any CPU
		Release|Any CPU = Release|Any CPU
	EndGlobalSection
	GlobalSection(ProjectConfigurationPlatforms) = postSolution
		{5CBE3AA3-48E4-4089-B5FA-92B4FC4E18EC}.Debug|Any CPU.ActiveCfg = Debug|Any CPU
		{5CBE3AA3-48E4-4089-B5FA-92B4FC4E18EC}.Debug|Any CPU.Build.0 = Debug|Any CPU
		{5CBE3AA3-48E4-4089-B5FA-92B4FC4E18EC}.Release|Any CPU.ActiveCfg = Release|Any CPU
		{5CBE3AA3-48E4-4089-B5FA-92B4FC4E18EC}.Release|Any CPU.Build.0 = Release|Any CPU
	EndGlobalSection
	GlobalSection(SolutionProperties) = preSolution
		HideSolutionNode = FALSE
	EndGlobalSection
	GlobalSection(ExtensibilityGlobals) = postSolution
		SolutionGuid = {757ED08D-16B6-4163-B013-9EC0C245B59F}
	EndGlobalSection
EndGlobal
